
Microsoft Visual Studio Solution File, Format Version 12.00
# Visual Studio Version 16
VisualStudioVersion = 16.0.30907.101
MinimumVisualStudioVersion = 10.0.40219.1
Project("{FAE04EC0-301F-11D3-BF4B-00C04F79EFBC}") = "khachhang", "khachhang\khachhang.csproj", "{6240006B-D782-4170-9A62-8577851D04B1}"
EndProject
Global
	GlobalSection(SolutionConfigurationPlatforms) = preSolution
		Debug|Any CPU = Debug|Any CPU
		Release|Any CPU = Release|Any CPU
	EndGlobalSection
	GlobalSection(ProjectConfigurationPlatforms) = postSolution
		{6240006B-D782-4170-9A62-8577851D04B1}.Debug|Any CPU.ActiveCfg = Debug|Any CPU
		{6240006B-D782-4170-9A62-8577851D04B1}.Debug|Any CPU.Build.0 = Debug|Any CPU
		{6240006B-D782-4170-9A62-8577851D04B1}.Release|Any CPU.ActiveCfg = Release|Any CPU
		{6240006B-D782-4170-9A62-8577851D04B1}.Release|Any CPU.Build.0 = Release|Any CPU
	EndGlobalSection
	GlobalSection(SolutionProperties) = preSolution
		HideSolutionNode = FALSE
	EndGlobalSection
	GlobalSection(ExtensibilityGlobals) = postSolution
		SolutionGuid = {14A3B7E0-1986-4402-B62D-5D88450F1152}
	EndGlobalSection
EndGlobal
